
Microsoft Visual Studio Solution File, Format Version 12.00
# Visual Studio Version 17
VisualStudioVersion = 17.11.35222.181
MinimumVisualStudioVersion = 10.0.40219.1
Project("{FAE04EC0-301F-11D3-BF4B-00C04F79EFBC}") = "AvaloniaListContentIssue", "AvaloniaListContentIssue\AvaloniaListContentIssue\AvaloniaListContentIssue.csproj", "{40ACEA8B-F492-4010-8370-2B0473240819}"
EndProject
Project("{FAE04EC0-301F-11D3-BF4B-00C04F79EFBC}") = "AvaloniaListContentIssue.Android", "AvaloniaListContentIssue\AvaloniaListContentIssue.Android\AvaloniaListContentIssue.Android.csproj", "{F759A4FA-F14D-43E3-8275-7140E1B88247}"
EndProject
Project("{FAE04EC0-301F-11D3-BF4B-00C04F79EFBC}") = "AvaloniaListContentIssue.Desktop", "AvaloniaListContentIssue\AvaloniaListContentIssue.Desktop\AvaloniaListContentIssue.Desktop.csproj", "{6494E211-4B04-40E7-98CE-31164D25EAD8}"
EndProject
Project("{FAE04EC0-301F-11D3-BF4B-00C04F79EFBC}") = "AvaloniaListContentIssue.iOS", "AvaloniaListContentIssue\AvaloniaListContentIssue.iOS\AvaloniaListContentIssue.iOS.csproj", "{CB3E801D-7FCE-4D24-B475-B36B65E23E12}"
EndProject
Project("{FAE04EC0-301F-11D3-BF4B-00C04F79EFBC}") = "AvaloniaListContentIssue.Browser", "AvaloniaListContentIssue\AvaloniaListContentIssue.Browser\AvaloniaListContentIssue.Browser.csproj", "{2A4D42B1-ED9D-414E-9C67-D651A1788678}"
EndProject
Global
	GlobalSection(SolutionConfigurationPlatforms) = preSolution
		Debug|Any CPU = Debug|Any CPU
		Release|Any CPU = Release|Any CPU
	EndGlobalSection
	GlobalSection(ProjectConfigurationPlatforms) = postSolution
		{40ACEA8B-F492-4010-8370-2B0473240819}.Debug|Any CPU.ActiveCfg = Debug|Any CPU
		{40ACEA8B-F492-4010-8370-2B0473240819}.Debug|Any CPU.Build.0 = Debug|Any CPU
		{40ACEA8B-F492-4010-8370-2B0473240819}.Release|Any CPU.ActiveCfg = Release|Any CPU
		{40ACEA8B-F492-4010-8370-2B0473240819}.Release|Any CPU.Build.0 = Release|Any CPU
		{F759A4FA-F14D-43E3-8275-7140E1B88247}.Debug|Any CPU.ActiveCfg = Debug|Any CPU
		{F759A4FA-F14D-43E3-8275-7140E1B88247}.Debug|Any CPU.Build.0 = Debug|Any CPU
		{F759A4FA-F14D-43E3-8275-7140E1B88247}.Debug|Any CPU.Deploy.0 = Debug|Any CPU
		{F759A4FA-F14D-43E3-8275-7140E1B88247}.Release|Any CPU.ActiveCfg = Release|Any CPU
		{F759A4FA-F14D-43E3-8275-7140E1B88247}.Release|Any CPU.Build.0 = Release|Any CPU
		{F759A4FA-F14D-43E3-8275-7140E1B88247}.Release|Any CPU.Deploy.0 = Release|Any CPU
		{6494E211-4B04-40E7-98CE-31164D25EAD8}.Debug|Any CPU.ActiveCfg = Debug|Any CPU
		{6494E211-4B04-40E7-98CE-31164D25EAD8}.Debug|Any CPU.Build.0 = Debug|Any CPU
		{6494E211-4B04-40E7-98CE-31164D25EAD8}.Release|Any CPU.ActiveCfg = Release|Any CPU
		{6494E211-4B04-40E7-98CE-31164D25EAD8}.Release|Any CPU.Build.0 = Release|Any CPU
		{CB3E801D-7FCE-4D24-B475-B36B65E23E12}.Debug|Any CPU.ActiveCfg = Debug|Any CPU
		{CB3E801D-7FCE-4D24-B475-B36B65E23E12}.Debug|Any CPU.Build.0 = Debug|Any CPU
		{CB3E801D-7FCE-4D24-B475-B36B65E23E12}.Debug|Any CPU.Deploy.0 = Debug|Any CPU
		{CB3E801D-7FCE-4D24-B475-B36B65E23E12}.Release|Any CPU.ActiveCfg = Release|Any CPU
		{CB3E801D-7FCE-4D24-B475-B36B65E23E12}.Release|Any CPU.Build.0 = Release|Any CPU
		{CB3E801D-7FCE-4D24-B475-B36B65E23E12}.Release|Any CPU.Deploy.0 = Release|Any CPU
		{2A4D42B1-ED9D-414E-9C67-D651A1788678}.Debug|Any CPU.ActiveCfg = Debug|Any CPU
		{2A4D42B1-ED9D-414E-9C67-D651A1788678}.Debug|Any CPU.Build.0 = Debug|Any CPU
		{2A4D42B1-ED9D-414E-9C67-D651A1788678}.Release|Any CPU.ActiveCfg = Release|Any CPU
		{2A4D42B1-ED9D-414E-9C67-D651A1788678}.Release|Any CPU.Build.0 = Release|Any CPU
	EndGlobalSection
	GlobalSection(SolutionProperties) = preSolution
		HideSolutionNode = FALSE
	EndGlobalSection
	GlobalSection(ExtensibilityGlobals) = postSolution
		SolutionGuid = {49D4ED93-8CFD-4F63-83C9-F99C59C33B88}
	EndGlobalSection
EndGlobal
